
Microsoft Visual Studio Solution File, Format Version 12.00
# Visual Studio 14
VisualStudioVersion = 14.0.25420.1
MinimumVisualStudioVersion = 10.0.40219.1
Project("{FAE04EC0-301F-11D3-BF4B-00C04F79EFBC}") = "SearchRestService", "SearchRestService\SearchRestService.csproj", "{1F8A9BB5-0154-4E63-9BD5-808CEE0814ED}"
EndProject
Project("{FAE04EC0-301F-11D3-BF4B-00C04F79EFBC}") = "jqWidgetWebPart", "jqWidgetWebPart\jqWidgetWebPart.csproj", "{3CE388A6-4E67-4C52-B436-C1D585B24E5E}"
EndProject
Project("{FAE04EC0-301F-11D3-BF4B-00C04F79EFBC}") = "JsRenderWebparts", "JsRenderWebparts\JsRenderWebparts.csproj", "{DE5F8F2C-0664-4296-A23B-8BB04265CB69}"
	ProjectSection(ProjectDependencies) = postProject
		{3CE388A6-4E67-4C52-B436-C1D585B24E5E} = {3CE388A6-4E67-4C52-B436-C1D585B24E5E}
	EndProjectSection
EndProject
Global
	GlobalSection(SolutionConfigurationPlatforms) = preSolution
		Debug|Any CPU = Debug|Any CPU
		Release|Any CPU = Release|Any CPU
	EndGlobalSection
	GlobalSection(ProjectConfigurationPlatforms) = postSolution
		{1F8A9BB5-0154-4E63-9BD5-808CEE0814ED}.Debug|Any CPU.ActiveCfg = Debug|Any CPU
		{1F8A9BB5-0154-4E63-9BD5-808CEE0814ED}.Debug|Any CPU.Build.0 = Debug|Any CPU
		{1F8A9BB5-0154-4E63-9BD5-808CEE0814ED}.Debug|Any CPU.Deploy.0 = Debug|Any CPU
		{1F8A9BB5-0154-4E63-9BD5-808CEE0814ED}.Release|Any CPU.ActiveCfg = Release|Any CPU
		{1F8A9BB5-0154-4E63-9BD5-808CEE0814ED}.Release|Any CPU.Build.0 = Release|Any CPU
		{1F8A9BB5-0154-4E63-9BD5-808CEE0814ED}.Release|Any CPU.Deploy.0 = Release|Any CPU
		{3CE388A6-4E67-4C52-B436-C1D585B24E5E}.Debug|Any CPU.ActiveCfg = Debug|Any CPU
		{3CE388A6-4E67-4C52-B436-C1D585B24E5E}.Debug|Any CPU.Build.0 = Debug|Any CPU
		{3CE388A6-4E67-4C52-B436-C1D585B24E5E}.Debug|Any CPU.Deploy.0 = Debug|Any CPU
		{3CE388A6-4E67-4C52-B436-C1D585B24E5E}.Release|Any CPU.ActiveCfg = Release|Any CPU
		{3CE388A6-4E67-4C52-B436-C1D585B24E5E}.Release|Any CPU.Build.0 = Release|Any CPU
		{3CE388A6-4E67-4C52-B436-C1D585B24E5E}.Release|Any CPU.Deploy.0 = Release|Any CPU
		{DE5F8F2C-0664-4296-A23B-8BB04265CB69}.Debug|Any CPU.ActiveCfg = Debug|Any CPU
		{DE5F8F2C-0664-4296-A23B-8BB04265CB69}.Debug|Any CPU.Build.0 = Debug|Any CPU
		{DE5F8F2C-0664-4296-A23B-8BB04265CB69}.Debug|Any CPU.Deploy.0 = Debug|Any CPU
		{DE5F8F2C-0664-4296-A23B-8BB04265CB69}.Release|Any CPU.ActiveCfg = Release|Any CPU
		{DE5F8F2C-0664-4296-A23B-8BB04265CB69}.Release|Any CPU.Build.0 = Release|Any CPU
		{DE5F8F2C-0664-4296-A23B-8BB04265CB69}.Release|Any CPU.Deploy.0 = Release|Any CPU
	EndGlobalSection
	GlobalSection(SolutionProperties) = preSolution
		HideSolutionNode = FALSE
	EndGlobalSection
EndGlobal
